
Microsoft Visual Studio Solution File, Format Version 12.00
# Visual Studio Version 16
VisualStudioVersion = 16.0.31702.278
MinimumVisualStudioVersion = 10.0.40219.1
Project("{2150E333-8FDC-42A3-9474-1A3956D46DE8}") = "src", "src", "{1704E11D-3D67-4747-980D-2EA6D5A5E225}"
EndProject
Project("{2150E333-8FDC-42A3-9474-1A3956D46DE8}") = "tests", "tests", "{E763DDB5-6E63-4131-8DD8-C4371B7510BE}"
EndProject
Project("{2150E333-8FDC-42A3-9474-1A3956D46DE8}") = "Core", "Core", "{937206DE-DB98-4491-8F89-4A40A3769B84}"
EndProject
Project("{2150E333-8FDC-42A3-9474-1A3956D46DE8}") = "Infraestructure", "Infraestructure", "{D7592681-4988-4F19-B69C-96A24E7A3773}"
EndProject
Project("{2150E333-8FDC-42A3-9474-1A3956D46DE8}") = "Services", "Services", "{AED4500B-3941-4236-99C9-907AE63EBC8B}"
EndProject
Project("{9A19103F-16F7-4668-BE54-9A1E7A4F7556}") = "B3.Test.Domain", "B3.Test.Domain\B3.Test.Domain.csproj", "{C552F8BE-BDB6-49AF-A9B3-047A3103AF7B}"
EndProject
Project("{9A19103F-16F7-4668-BE54-9A1E7A4F7556}") = "B3.Test.Application", "B3.Test.Application\B3.Test.Application.csproj", "{8A8C18D9-6138-41E4-90FB-A65DCE5F4006}"
EndProject
Project("{9A19103F-16F7-4668-BE54-9A1E7A4F7556}") = "B3.Test.Data", "B3.Test.Data\B3.Test.Data.csproj", "{5EBE1DC3-53BD-43FE-AA82-BB8D7DA6C3E6}"
EndProject
Project("{9A19103F-16F7-4668-BE54-9A1E7A4F7556}") = "B3.Test.API", "B3.Test.API\B3.Test.API.csproj", "{75F8C69E-765D-4C3D-921A-6E0CE0C08210}"
EndProject
Project("{9A19103F-16F7-4668-BE54-9A1E7A4F7556}") = "B3.Test.Worker", "B3.Test.Worker\B3.Test.Worker.csproj", "{12DF878D-E3A5-4FF3-9EBF-38BF63D403BC}"
EndProject
Project("{9A19103F-16F7-4668-BE54-9A1E7A4F7556}") = "B3.Test.RabbitMq.Abstractions", "B3.Test.RabbitMq.Abstractions\B3.Test.RabbitMq.Abstractions.csproj", "{0DFE90E9-8BD7-4E16-B911-5931143BBA4A}"
EndProject
Project("{9A19103F-16F7-4668-BE54-9A1E7A4F7556}") = "B3.Test.CrossCutting", "B3.Test.CrossCutting\B3.Test.CrossCutting.csproj", "{443AD98E-EE2A-42C4-B3AA-8EE66207B55C}"
EndProject
Project("{9A19103F-16F7-4668-BE54-9A1E7A4F7556}") = "B3.Test.Logger.Abstractions", "B3.Test.Logger\B3.Test.Logger.Abstractions.csproj", "{4BED585A-2823-4134-AE72-6A3C3B3DEAD5}"
EndProject
Global
	GlobalSection(SolutionConfigurationPlatforms) = preSolution
		Debug|Any CPU = Debug|Any CPU
		Release|Any CPU = Release|Any CPU
	EndGlobalSection
	GlobalSection(ProjectConfigurationPlatforms) = postSolution
		{C552F8BE-BDB6-49AF-A9B3-047A3103AF7B}.Debug|Any CPU.ActiveCfg = Debug|Any CPU
		{C552F8BE-BDB6-49AF-A9B3-047A3103AF7B}.Debug|Any CPU.Build.0 = Debug|Any CPU
		{C552F8BE-BDB6-49AF-A9B3-047A3103AF7B}.Release|Any CPU.ActiveCfg = Release|Any CPU
		{C552F8BE-BDB6-49AF-A9B3-047A3103AF7B}.Release|Any CPU.Build.0 = Release|Any CPU
		{8A8C18D9-6138-41E4-90FB-A65DCE5F4006}.Debug|Any CPU.ActiveCfg = Debug|Any CPU
		{8A8C18D9-6138-41E4-90FB-A65DCE5F4006}.Debug|Any CPU.Build.0 = Debug|Any CPU
		{8A8C18D9-6138-41E4-90FB-A65DCE5F4006}.Release|Any CPU.ActiveCfg = Release|Any CPU
		{8A8C18D9-6138-41E4-90FB-A65DCE5F4006}.Release|Any CPU.Build.0 = Release|Any CPU
		{5EBE1DC3-53BD-43FE-AA82-BB8D7DA6C3E6}.Debug|Any CPU.ActiveCfg = Debug|Any CPU
		{5EBE1DC3-53BD-43FE-AA82-BB8D7DA6C3E6}.Debug|Any CPU.Build.0 = Debug|Any CPU
		{5EBE1DC3-53BD-43FE-AA82-BB8D7DA6C3E6}.Release|Any CPU.ActiveCfg = Release|Any CPU
		{5EBE1DC3-53BD-43FE-AA82-BB8D7DA6C3E6}.Release|Any CPU.Build.0 = Release|Any CPU
		{75F8C69E-765D-4C3D-921A-6E0CE0C08210}.Debug|Any CPU.ActiveCfg = Debug|Any CPU
		{75F8C69E-765D-4C3D-921A-6E0CE0C08210}.Debug|Any CPU.Build.0 = Debug|Any CPU
		{75F8C69E-765D-4C3D-921A-6E0CE0C08210}.Release|Any CPU.ActiveCfg = Release|Any CPU
		{75F8C69E-765D-4C3D-921A-6E0CE0C08210}.Release|Any CPU.Build.0 = Release|Any CPU
		{12DF878D-E3A5-4FF3-9EBF-38BF63D403BC}.Debug|Any CPU.ActiveCfg = Debug|Any CPU
		{12DF878D-E3A5-4FF3-9EBF-38BF63D403BC}.Debug|Any CPU.Build.0 = Debug|Any CPU
		{12DF878D-E3A5-4FF3-9EBF-38BF63D403BC}.Release|Any CPU.ActiveCfg = Release|Any CPU
		{12DF878D-E3A5-4FF3-9EBF-38BF63D403BC}.Release|Any CPU.Build.0 = Release|Any CPU
		{0DFE90E9-8BD7-4E16-B911-5931143BBA4A}.Debug|Any CPU.ActiveCfg = Debug|Any CPU
		{0DFE90E9-8BD7-4E16-B911-5931143BBA4A}.Debug|Any CPU.Build.0 = Debug|Any CPU
		{0DFE90E9-8BD7-4E16-B911-5931143BBA4A}.Release|Any CPU.ActiveCfg = Release|Any CPU
		{0DFE90E9-8BD7-4E16-B911-5931143BBA4A}.Release|Any CPU.Build.0 = Release|Any CPU
		{443AD98E-EE2A-42C4-B3AA-8EE66207B55C}.Debug|Any CPU.ActiveCfg = Debug|Any CPU
		{443AD98E-EE2A-42C4-B3AA-8EE66207B55C}.Debug|Any CPU.Build.0 = Debug|Any CPU
		{443AD98E-EE2A-42C4-B3AA-8EE66207B55C}.Release|Any CPU.ActiveCfg = Release|Any CPU
		{443AD98E-EE2A-42C4-B3AA-8EE66207B55C}.Release|Any CPU.Build.0 = Release|Any CPU
		{4BED585A-2823-4134-AE72-6A3C3B3DEAD5}.Debug|Any CPU.ActiveCfg = Debug|Any CPU
		{4BED585A-2823-4134-AE72-6A3C3B3DEAD5}.Debug|Any CPU.Build.0 = Debug|Any CPU
		{4BED585A-2823-4134-AE72-6A3C3B3DEAD5}.Release|Any CPU.ActiveCfg = Release|Any CPU
		{4BED585A-2823-4134-AE72-6A3C3B3DEAD5}.Release|Any CPU.Build.0 = Release|Any CPU
	EndGlobalSection
	GlobalSection(SolutionProperties) = preSolution
		HideSolutionNode = FALSE
	EndGlobalSection
	GlobalSection(NestedProjects) = preSolution
		{937206DE-DB98-4491-8F89-4A40A3769B84} = {1704E11D-3D67-4747-980D-2EA6D5A5E225}
		{D7592681-4988-4F19-B69C-96A24E7A3773} = {1704E11D-3D67-4747-980D-2EA6D5A5E225}
		{AED4500B-3941-4236-99C9-907AE63EBC8B} = {1704E11D-3D67-4747-980D-2EA6D5A5E225}
		{C552F8BE-BDB6-49AF-A9B3-047A3103AF7B} = {937206DE-DB98-4491-8F89-4A40A3769B84}
		{8A8C18D9-6138-41E4-90FB-A65DCE5F4006} = {937206DE-DB98-4491-8F89-4A40A3769B84}
		{5EBE1DC3-53BD-43FE-AA82-BB8D7DA6C3E6} = {D7592681-4988-4F19-B69C-96A24E7A3773}
		{75F8C69E-765D-4C3D-921A-6E0CE0C08210} = {AED4500B-3941-4236-99C9-907AE63EBC8B}
		{12DF878D-E3A5-4FF3-9EBF-38BF63D403BC} = {AED4500B-3941-4236-99C9-907AE63EBC8B}
		{0DFE90E9-8BD7-4E16-B911-5931143BBA4A} = {D7592681-4988-4F19-B69C-96A24E7A3773}
		{443AD98E-EE2A-42C4-B3AA-8EE66207B55C} = {937206DE-DB98-4491-8F89-4A40A3769B84}
		{4BED585A-2823-4134-AE72-6A3C3B3DEAD5} = {D7592681-4988-4F19-B69C-96A24E7A3773}
	EndGlobalSection
	GlobalSection(ExtensibilityGlobals) = postSolution
		SolutionGuid = {70AACD7C-5228-44B5-8F47-8AD0CCB1C363}
	EndGlobalSection
EndGlobal
